
Microsoft Visual Studio Solution File, Format Version 12.00
# Visual Studio 15
VisualStudioVersion = 15.0.26124.0
MinimumVisualStudioVersion = 15.0.26124.0
Project("{2150E333-8FDC-42A3-9474-1A3956D46DE8}") = "tests", "tests", "{3158CE5E-50FA-4A85-848D-198F3C742479}"
EndProject
Project("{2150E333-8FDC-42A3-9474-1A3956D46DE8}") = "UnitTests", "UnitTests", "{B4ECA762-1C91-4CA9-A036-EB8C77A0AF24}"
EndProject
Project("{FAE04EC0-301F-11D3-BF4B-00C04F79EFBC}") = "Api.UnitTest", "tests\UnitTests\Api.UnitTest\Api.UnitTest.csproj", "{54F3D01C-6510-4C36-BE78-5B9A8BA9F6D2}"
EndProject
Project("{2150E333-8FDC-42A3-9474-1A3956D46DE8}") = "src", "src", "{C08A6B00-00D5-48B7-BB5A-3A324619C37D}"
EndProject
Project("{FAE04EC0-301F-11D3-BF4B-00C04F79EFBC}") = "Api", "src\Api\Api.csproj", "{23D1DC26-629D-43F9-A5A1-F1A46A45A883}"
EndProject
Project("{2150E333-8FDC-42A3-9474-1A3956D46DE8}") = "IntegrationTests", "IntegrationTests", "{A88CAF16-8C39-43FC-8FE2-00E48256C4D9}"
EndProject
Project("{FAE04EC0-301F-11D3-BF4B-00C04F79EFBC}") = "Api.IntegrationTests", "tests\IntegrationTests\Api.IntegrationTests\Api.IntegrationTests.csproj", "{E67F1E1A-7176-4ED9-A8BD-327269AA258E}"
EndProject
Project("{FAE04EC0-301F-11D3-BF4B-00C04F79EFBC}") = "E2E.Tests", "tests\E2E\E2E.Tests.csproj", "{2DBEEF05-255B-4390-859D-CF7946C8C86E}"
EndProject
Global
	GlobalSection(SolutionConfigurationPlatforms) = preSolution
		Debug|Any CPU = Debug|Any CPU
		Debug|x64 = Debug|x64
		Debug|x86 = Debug|x86
		Release|Any CPU = Release|Any CPU
		Release|x64 = Release|x64
		Release|x86 = Release|x86
	EndGlobalSection
	GlobalSection(SolutionProperties) = preSolution
		HideSolutionNode = FALSE
	EndGlobalSection
	GlobalSection(ProjectConfigurationPlatforms) = postSolution
		{54F3D01C-6510-4C36-BE78-5B9A8BA9F6D2}.Debug|Any CPU.ActiveCfg = Debug|Any CPU
		{54F3D01C-6510-4C36-BE78-5B9A8BA9F6D2}.Debug|Any CPU.Build.0 = Debug|Any CPU
		{54F3D01C-6510-4C36-BE78-5B9A8BA9F6D2}.Debug|x64.ActiveCfg = Debug|x64
		{54F3D01C-6510-4C36-BE78-5B9A8BA9F6D2}.Debug|x64.Build.0 = Debug|x64
		{54F3D01C-6510-4C36-BE78-5B9A8BA9F6D2}.Debug|x86.ActiveCfg = Debug|x86
		{54F3D01C-6510-4C36-BE78-5B9A8BA9F6D2}.Debug|x86.Build.0 = Debug|x86
		{54F3D01C-6510-4C36-BE78-5B9A8BA9F6D2}.Release|Any CPU.ActiveCfg = Release|Any CPU
		{54F3D01C-6510-4C36-BE78-5B9A8BA9F6D2}.Release|Any CPU.Build.0 = Release|Any CPU
		{54F3D01C-6510-4C36-BE78-5B9A8BA9F6D2}.Release|x64.ActiveCfg = Release|x64
		{54F3D01C-6510-4C36-BE78-5B9A8BA9F6D2}.Release|x64.Build.0 = Release|x64
		{54F3D01C-6510-4C36-BE78-5B9A8BA9F6D2}.Release|x86.ActiveCfg = Release|x86
		{54F3D01C-6510-4C36-BE78-5B9A8BA9F6D2}.Release|x86.Build.0 = Release|x86
		{23D1DC26-629D-43F9-A5A1-F1A46A45A883}.Debug|Any CPU.ActiveCfg = Debug|Any CPU
		{23D1DC26-629D-43F9-A5A1-F1A46A45A883}.Debug|Any CPU.Build.0 = Debug|Any CPU
		{23D1DC26-629D-43F9-A5A1-F1A46A45A883}.Debug|x64.ActiveCfg = Debug|x64
		{23D1DC26-629D-43F9-A5A1-F1A46A45A883}.Debug|x64.Build.0 = Debug|x64
		{23D1DC26-629D-43F9-A5A1-F1A46A45A883}.Debug|x86.ActiveCfg = Debug|x86
		{23D1DC26-629D-43F9-A5A1-F1A46A45A883}.Debug|x86.Build.0 = Debug|x86
		{23D1DC26-629D-43F9-A5A1-F1A46A45A883}.Release|Any CPU.ActiveCfg = Release|Any CPU
		{23D1DC26-629D-43F9-A5A1-F1A46A45A883}.Release|Any CPU.Build.0 = Release|Any CPU
		{23D1DC26-629D-43F9-A5A1-F1A46A45A883}.Release|x64.ActiveCfg = Release|x64
		{23D1DC26-629D-43F9-A5A1-F1A46A45A883}.Release|x64.Build.0 = Release|x64
		{23D1DC26-629D-43F9-A5A1-F1A46A45A883}.Release|x86.ActiveCfg = Release|x86
		{23D1DC26-629D-43F9-A5A1-F1A46A45A883}.Release|x86.Build.0 = Release|x86
		{E67F1E1A-7176-4ED9-A8BD-327269AA258E}.Debug|Any CPU.ActiveCfg = Debug|Any CPU
		{E67F1E1A-7176-4ED9-A8BD-327269AA258E}.Debug|Any CPU.Build.0 = Debug|Any CPU
		{E67F1E1A-7176-4ED9-A8BD-327269AA258E}.Debug|x64.ActiveCfg = Debug|x64
		{E67F1E1A-7176-4ED9-A8BD-327269AA258E}.Debug|x64.Build.0 = Debug|x64
		{E67F1E1A-7176-4ED9-A8BD-327269AA258E}.Debug|x86.ActiveCfg = Debug|x86
		{E67F1E1A-7176-4ED9-A8BD-327269AA258E}.Debug|x86.Build.0 = Debug|x86
		{E67F1E1A-7176-4ED9-A8BD-327269AA258E}.Release|Any CPU.ActiveCfg = Release|Any CPU
		{E67F1E1A-7176-4ED9-A8BD-327269AA258E}.Release|Any CPU.Build.0 = Release|Any CPU
		{E67F1E1A-7176-4ED9-A8BD-327269AA258E}.Release|x64.ActiveCfg = Release|x64
		{E67F1E1A-7176-4ED9-A8BD-327269AA258E}.Release|x64.Build.0 = Release|x64
		{E67F1E1A-7176-4ED9-A8BD-327269AA258E}.Release|x86.ActiveCfg = Release|x86
		{E67F1E1A-7176-4ED9-A8BD-327269AA258E}.Release|x86.Build.0 = Release|x86
		{2DBEEF05-255B-4390-859D-CF7946C8C86E}.Debug|Any CPU.ActiveCfg = Debug|Any CPU
		{2DBEEF05-255B-4390-859D-CF7946C8C86E}.Debug|Any CPU.Build.0 = Debug|Any CPU
		{2DBEEF05-255B-4390-859D-CF7946C8C86E}.Debug|x64.ActiveCfg = Debug|x64
		{2DBEEF05-255B-4390-859D-CF7946C8C86E}.Debug|x64.Build.0 = Debug|x64
		{2DBEEF05-255B-4390-859D-CF7946C8C86E}.Debug|x86.ActiveCfg = Debug|x86
		{2DBEEF05-255B-4390-859D-CF7946C8C86E}.Debug|x86.Build.0 = Debug|x86
		{2DBEEF05-255B-4390-859D-CF7946C8C86E}.Release|Any CPU.ActiveCfg = Release|Any CPU
		{2DBEEF05-255B-4390-859D-CF7946C8C86E}.Release|Any CPU.Build.0 = Release|Any CPU
		{2DBEEF05-255B-4390-859D-CF7946C8C86E}.Release|x64.ActiveCfg = Release|x64
		{2DBEEF05-255B-4390-859D-CF7946C8C86E}.Release|x64.Build.0 = Release|x64
		{2DBEEF05-255B-4390-859D-CF7946C8C86E}.Release|x86.ActiveCfg = Release|x86
		{2DBEEF05-255B-4390-859D-CF7946C8C86E}.Release|x86.Build.0 = Release|x86
	EndGlobalSection
	GlobalSection(NestedProjects) = preSolution
		{B4ECA762-1C91-4CA9-A036-EB8C77A0AF24} = {3158CE5E-50FA-4A85-848D-198F3C742479}
		{54F3D01C-6510-4C36-BE78-5B9A8BA9F6D2} = {B4ECA762-1C91-4CA9-A036-EB8C77A0AF24}
		{23D1DC26-629D-43F9-A5A1-F1A46A45A883} = {C08A6B00-00D5-48B7-BB5A-3A324619C37D}
		{A88CAF16-8C39-43FC-8FE2-00E48256C4D9} = {3158CE5E-50FA-4A85-848D-198F3C742479}
		{E67F1E1A-7176-4ED9-A8BD-327269AA258E} = {A88CAF16-8C39-43FC-8FE2-00E48256C4D9}
		{2DBEEF05-255B-4390-859D-CF7946C8C86E} = {3158CE5E-50FA-4A85-848D-198F3C742479}
	EndGlobalSection
EndGlobal
