
Microsoft Visual Studio Solution File, Format Version 12.00
# Visual Studio 15
VisualStudioVersion = 15.0.26124.0
MinimumVisualStudioVersion = 15.0.26124.0
Project("{2150E333-8FDC-42A3-9474-1A3956D46DE8}") = "src", "src", "{9A61A83B-BB45-46AA-B001-3FFD8BDAA1D0}"
EndProject
Project("{FAE04EC0-301F-11D3-BF4B-00C04F79EFBC}") = "Api", "src\Api\Api.csproj", "{EEFD92CB-B198-4A51-A0D1-472B6F61F90D}"
EndProject
Project("{FAE04EC0-301F-11D3-BF4B-00C04F79EFBC}") = "MessageEndpoint", "src\MessageEndpoint\MessageEndpoint.csproj", "{ADBEA5C9-BD38-490A-8E31-222060C51842}"
EndProject
Project("{FAE04EC0-301F-11D3-BF4B-00C04F79EFBC}") = "Contracts", "src\Contracts\Contracts.csproj", "{E5D3C22D-5F15-49FB-98D2-926CC3B5503E}"
EndProject
Global
	GlobalSection(SolutionConfigurationPlatforms) = preSolution
		Debug|Any CPU = Debug|Any CPU
		Debug|x64 = Debug|x64
		Debug|x86 = Debug|x86
		Release|Any CPU = Release|Any CPU
		Release|x64 = Release|x64
		Release|x86 = Release|x86
	EndGlobalSection
	GlobalSection(SolutionProperties) = preSolution
		HideSolutionNode = FALSE
	EndGlobalSection
	GlobalSection(ProjectConfigurationPlatforms) = postSolution
		{EEFD92CB-B198-4A51-A0D1-472B6F61F90D}.Debug|Any CPU.ActiveCfg = Debug|Any CPU
		{EEFD92CB-B198-4A51-A0D1-472B6F61F90D}.Debug|Any CPU.Build.0 = Debug|Any CPU
		{EEFD92CB-B198-4A51-A0D1-472B6F61F90D}.Debug|x64.ActiveCfg = Debug|x64
		{EEFD92CB-B198-4A51-A0D1-472B6F61F90D}.Debug|x64.Build.0 = Debug|x64
		{EEFD92CB-B198-4A51-A0D1-472B6F61F90D}.Debug|x86.ActiveCfg = Debug|x86
		{EEFD92CB-B198-4A51-A0D1-472B6F61F90D}.Debug|x86.Build.0 = Debug|x86
		{EEFD92CB-B198-4A51-A0D1-472B6F61F90D}.Release|Any CPU.ActiveCfg = Release|Any CPU
		{EEFD92CB-B198-4A51-A0D1-472B6F61F90D}.Release|Any CPU.Build.0 = Release|Any CPU
		{EEFD92CB-B198-4A51-A0D1-472B6F61F90D}.Release|x64.ActiveCfg = Release|x64
		{EEFD92CB-B198-4A51-A0D1-472B6F61F90D}.Release|x64.Build.0 = Release|x64
		{EEFD92CB-B198-4A51-A0D1-472B6F61F90D}.Release|x86.ActiveCfg = Release|x86
		{EEFD92CB-B198-4A51-A0D1-472B6F61F90D}.Release|x86.Build.0 = Release|x86
		{ADBEA5C9-BD38-490A-8E31-222060C51842}.Debug|Any CPU.ActiveCfg = Debug|Any CPU
		{ADBEA5C9-BD38-490A-8E31-222060C51842}.Debug|Any CPU.Build.0 = Debug|Any CPU
		{ADBEA5C9-BD38-490A-8E31-222060C51842}.Debug|x64.ActiveCfg = Debug|x64
		{ADBEA5C9-BD38-490A-8E31-222060C51842}.Debug|x64.Build.0 = Debug|x64
		{ADBEA5C9-BD38-490A-8E31-222060C51842}.Debug|x86.ActiveCfg = Debug|x86
		{ADBEA5C9-BD38-490A-8E31-222060C51842}.Debug|x86.Build.0 = Debug|x86
		{ADBEA5C9-BD38-490A-8E31-222060C51842}.Release|Any CPU.ActiveCfg = Release|Any CPU
		{ADBEA5C9-BD38-490A-8E31-222060C51842}.Release|Any CPU.Build.0 = Release|Any CPU
		{ADBEA5C9-BD38-490A-8E31-222060C51842}.Release|x64.ActiveCfg = Release|x64
		{ADBEA5C9-BD38-490A-8E31-222060C51842}.Release|x64.Build.0 = Release|x64
		{ADBEA5C9-BD38-490A-8E31-222060C51842}.Release|x86.ActiveCfg = Release|x86
		{ADBEA5C9-BD38-490A-8E31-222060C51842}.Release|x86.Build.0 = Release|x86
		{E5D3C22D-5F15-49FB-98D2-926CC3B5503E}.Debug|Any CPU.ActiveCfg = Debug|Any CPU
		{E5D3C22D-5F15-49FB-98D2-926CC3B5503E}.Debug|Any CPU.Build.0 = Debug|Any CPU
		{E5D3C22D-5F15-49FB-98D2-926CC3B5503E}.Debug|x64.ActiveCfg = Debug|x64
		{E5D3C22D-5F15-49FB-98D2-926CC3B5503E}.Debug|x64.Build.0 = Debug|x64
		{E5D3C22D-5F15-49FB-98D2-926CC3B5503E}.Debug|x86.ActiveCfg = Debug|x86
		{E5D3C22D-5F15-49FB-98D2-926CC3B5503E}.Debug|x86.Build.0 = Debug|x86
		{E5D3C22D-5F15-49FB-98D2-926CC3B5503E}.Release|Any CPU.ActiveCfg = Release|Any CPU
		{E5D3C22D-5F15-49FB-98D2-926CC3B5503E}.Release|Any CPU.Build.0 = Release|Any CPU
		{E5D3C22D-5F15-49FB-98D2-926CC3B5503E}.Release|x64.ActiveCfg = Release|x64
		{E5D3C22D-5F15-49FB-98D2-926CC3B5503E}.Release|x64.Build.0 = Release|x64
		{E5D3C22D-5F15-49FB-98D2-926CC3B5503E}.Release|x86.ActiveCfg = Release|x86
		{E5D3C22D-5F15-49FB-98D2-926CC3B5503E}.Release|x86.Build.0 = Release|x86
	EndGlobalSection
	GlobalSection(NestedProjects) = preSolution
		{EEFD92CB-B198-4A51-A0D1-472B6F61F90D} = {9A61A83B-BB45-46AA-B001-3FFD8BDAA1D0}
		{ADBEA5C9-BD38-490A-8E31-222060C51842} = {9A61A83B-BB45-46AA-B001-3FFD8BDAA1D0}
		{E5D3C22D-5F15-49FB-98D2-926CC3B5503E} = {9A61A83B-BB45-46AA-B001-3FFD8BDAA1D0}
	EndGlobalSection
EndGlobal
